// !$*UTF8*$!
{
	archiveVersion = 1;
	classes = {
	};
	objectVersion = 50;
	objects = {

/* Begin PBXBuildFile section */
		560536C5D5ECC0B9D3D0DE20 /* Pods_JWModuleDemo.framework in Frameworks */ = {isa = PBXBuildFile; fileRef = F98FBA27EBF01C87BFFE74A5 /* Pods_JWModuleDemo.framework */; };
		94DDDD93231667ED00E6D12E /* AppDelegate.swift in Sources */ = {isa = PBXBuildFile; fileRef = 94DDDD92231667ED00E6D12E /* AppDelegate.swift */; };
		94DDDD95231667ED00E6D12E /* ViewController.swift in Sources */ = {isa = PBXBuildFile; fileRef = 94DDDD94231667ED00E6D12E /* ViewController.swift */; };
		94DDDD98231667ED00E6D12E /* Main.storyboard in Resources */ = {isa = PBXBuildFile; fileRef = 94DDDD96231667ED00E6D12E /* Main.storyboard */; };
		94DDDD9A231667EE00E6D12E /* Assets.xcassets in Resources */ = {isa = PBXBuildFile; fileRef = 94DDDD99231667EE00E6D12E /* Assets.xcassets */; };
		94DDDD9D231667EE00E6D12E /* LaunchScreen.storyboard in Resources */ = {isa = PBXBuildFile; fileRef = 94DDDD9B231667EE00E6D12E /* LaunchScreen.storyboard */; };
/* End PBXBuildFile section */

/* Begin PBXFileReference section */
		1044B4D3FA43566214EB0963 /* Pods-JWModuleDemo.release.xcconfig */ = {isa = PBXFileReference; includeInIndex = 1; lastKnownFileType = text.xcconfig; name = "Pods-JWModuleDemo.release.xcconfig"; path = "Target Support Files/Pods-JWModuleDemo/Pods-JWModuleDemo.release.xcconfig"; sourceTree = "<group>"; };
		94DDDD8F231667ED00E6D12E /* JWModuleDemo.app */ = {isa = PBXFileReference; explicitFileType = wrapper.application; includeInIndex = 0; path = JWModuleDemo.app; sourceTree = BUILT_PRODUCTS_DIR; };
		94DDDD92231667ED00E6D12E /* AppDelegate.swift */ = {isa = PBXFileReference; lastKnownFileType = sourcecode.swift; path = AppDelegate.swift; sourceTree = "<group>"; };
		94DDDD94231667ED00E6D12E /* ViewController.swift */ = {isa = PBXFileReference; lastKnownFileType = sourcecode.swift; path = ViewController.swift; sourceTree = "<group>"; };
		94DDDD97231667ED00E6D12E /* Base */ = {isa = PBXFileReference; lastKnownFileType = file.storyboard; name = Base; path = Base.lproj/Main.storyboard; sourceTree = "<group>"; };
		94DDDD99231667EE00E6D12E /* Assets.xcassets */ = {isa = PBXFileReference; lastKnownFileType = folder.assetcatalog; path = Assets.xcassets; sourceTree = "<group>"; };
		94DDDD9C231667EE00E6D12E /* Base */ = {isa = PBXFileReference; lastKnownFileType = file.storyboard; name = Base; path = Base.lproj/LaunchScreen.storyboard; sourceTree = "<group>"; };
		94DDDD9E231667EE00E6D12E /* Info.plist */ = {isa = PBXFileReference; lastKnownFileType = text.plist.xml; path = Info.plist; sourceTree = "<group>"; };
		CF34FEE047C8C3FAD4CEE9D4 /* Pods-JWModuleDemo.debug.xcconfig */ = {isa = PBXFileReference; includeInIndex = 1; lastKnownFileType = text.xcconfig; name = "Pods-JWModuleDemo.debug.xcconfig"; path = "Target Support Files/Pods-JWModuleDemo/Pods-JWModuleDemo.debug.xcconfig"; sourceTree = "<group>"; };
		F98FBA27EBF01C87BFFE74A5 /* Pods_JWModuleDemo.framework */ = {isa = PBXFileReference; explicitFileType = wrapper.framework; includeInIndex = 0; path = Pods_JWModuleDemo.framework; sourceTree = BUILT_PRODUCTS_DIR; };
/* End PBXFileReference section */

/* Begin PBXFrameworksBuildPhase section */
		94DDDD8C231667ED00E6D12E /* Frameworks */ = {
			isa = PBXFrameworksBuildPhase;
			buildActionMask = 2147483647;
			files = (
				560536C5D5ECC0B9D3D0DE20 /* Pods_JWModuleDemo.framework in Frameworks */,
			);
			runOnlyForDeploymentPostprocessing = 0;
		};
/* End PBXFrameworksBuildPhase section */

/* Begin PBXGroup section */
		0E43ABA7396EB489E8B7CED8 /* Pods */ = {
			isa = PBXGroup;
			children = (
				CF34FEE047C8C3FAD4CEE9D4 /* Pods-JWModuleDemo.debug.xcconfig */,
				1044B4D3FA43566214EB0963 /* Pods-JWModuleDemo.release.xcconfig */,
			);
			name = Pods;
			path = Pods;
			sourceTree = "<group>";
		};
		6E805E058B05BE5121649899 /* Frameworks */ = {
			isa = PBXGroup;
			children = (
				F98FBA27EBF01C87BFFE74A5 /* Pods_JWModuleDemo.framework */,
			);
			name = Frameworks;
			sourceTree = "<group>";
		};
		94DDDD86231667EC00E6D12E = {
			isa = PBXGroup;
			children = (
				94DDDD91231667ED00E6D12E /* JWModuleDemo */,
				94DDDD90231667ED00E6D12E /* Products */,
				0E43ABA7396EB489E8B7CED8 /* Pods */,
				6E805E058B05BE5121649899 /* Frameworks */,
			);
			sourceTree = "<group>";
		};
		94DDDD90231667ED00E6D12E /* Products */ = {
			isa = PBXGroup;
			children = (
				94DDDD8F231667ED00E6D12E /* JWModuleDemo.app */,
			);
			name = Products;
			sourceTree = "<group>";
		};
		94DDDD91231667ED00E6D12E /* JWModuleDemo */ = {
			isa = PBXGroup;
			children = (
				94DDDD92231667ED00E6D12E /* AppDelegate.swift */,
				94DDDD94231667ED00E6D12E /* ViewController.swift */,
				94DDDD96231667ED00E6D12E /* Main.storyboard */,
				94DDDD99231667EE00E6D12E /* Assets.xcassets */,
				94DDDD9B231667EE00E6D12E /* LaunchScreen.storyboard */,
				94DDDD9E231667EE00E6D12E /* Info.plist */,
			);
			path = JWModuleDemo;
			sourceTree = "<group>";
		};
/* End PBXGroup section */

/* Begin PBXNativeTarget section */
		94DDDD8E231667ED00E6D12E /* JWModuleDemo */ = {
			isa = PBXNativeTarget;
			buildConfigurationList = 94DDDDA1231667EE00E6D12E /* Build configuration list for PBXNativeTarget "JWModuleDemo" */;
			buildPhases = (
				1AFF7155A4F5FBD4E8501316 /* [CP] Check Pods Manifest.lock */,
				94DDDD8B231667ED00E6D12E /* Sources */,
				94DDDD8C231667ED00E6D12E /* Frameworks */,
				94DDDD8D231667ED00E6D12E /* Resources */,
				8F80367FB47892951F3ECEC2 /* [CP] Embed Pods Frameworks */,
			);
			buildRules = (
			);
			dependencies = (
			);
			name = JWModuleDemo;
			productName = JWModuleDemo;
			productReference = 94DDDD8F231667ED00E6D12E /* JWModuleDemo.app */;
			productType = "com.apple.product-type.application";
		};
/* End PBXNativeTarget section */

/* Begin PBXProject section */
		94DDDD87231667EC00E6D12E /* Project object */ = {
			isa = PBXProject;
			attributes = {
				LastSwiftUpdateCheck = 1020;
				LastUpgradeCheck = 1020;
				ORGANIZATIONNAME = "武世钰";
				TargetAttributes = {
					94DDDD8E231667ED00E6D12E = {
						CreatedOnToolsVersion = 10.2.1;
					};
				};
			};
			buildConfigurationList = 94DDDD8A231667EC00E6D12E /* Build configuration list for PBXProject "JWModuleDemo" */;
			compatibilityVersion = "Xcode 9.3";
			developmentRegion = en;
			hasScannedForEncodings = 0;
			knownRegions = (
				en,
				Base,
			);
			mainGroup = 94DDDD86231667EC00E6D12E;
			productRefGroup = 94DDDD90231667ED00E6D12E /* Products */;
			projectDirPath = "";
			projectRoot = "";
			targets = (
				94DDDD8E231667ED00E6D12E /* JWModuleDemo */,
			);
		};
/* End PBXProject section */

/* Begin PBXResourcesBuildPhase section */
		94DDDD8D231667ED00E6D12E /* Resources */ = {
			isa = PBXResourcesBuildPhase;
			buildActionMask = 2147483647;
			files = (
				94DDDD9D231667EE00E6D12E /* LaunchScreen.storyboard in Resources */,
				94DDDD9A231667EE00E6D12E /* Assets.xcassets in Resources */,
				94DDDD98231667ED00E6D12E /* Main.storyboard in Resources */,
			);
			runOnlyForDeploymentPostprocessing = 0;
		};
/* End PBXResourcesBuildPhase section */

/* Begin PBXShellScriptBuildPhase section */
		1AFF7155A4F5FBD4E8501316 /* [CP] Check Pods Manifest.lock */ = {
			isa = PBXShellScriptBuildPhase;
			buildActionMask = 2147483647;
			files = (
			);
			inputFileListPaths = (
			);
			inputPaths = (
				"${PODS_PODFILE_DIR_PATH}/Podfile.lock",
				"${PODS_ROOT}/Manifest.lock",
			);
			name = "[CP] Check Pods Manifest.lock";
			outputFileListPaths = (
			);
			outputPaths = (
				"$(DERIVED_FILE_DIR)/Pods-JWModuleDemo-checkManifestLockResult.txt",
			);
			runOnlyForDeploymentPostprocessing = 0;
			shellPath = /bin/sh;
			shellScript = "diff \"${PODS_PODFILE_DIR_PATH}/Podfile.lock\" \"${PODS_ROOT}/Manifest.lock\" > /dev/null\nif [ $? != 0 ] ; then\n    # print error to STDERR\n    echo \"error: The sandbox is not in sync with the Podfile.lock. Run 'pod install' or update your CocoaPods installation.\" >&2\n    exit 1\nfi\n# This output is used by Xcode 'outputs' to avoid re-running this script phase.\necho \"SUCCESS\" > \"${SCRIPT_OUTPUT_FILE_0}\"\n";
			showEnvVarsInLog = 0;
		};
		8F80367FB47892951F3ECEC2 /* [CP] Embed Pods Frameworks */ = {
			isa = PBXShellScriptBuildPhase;
			buildActionMask = 2147483647;
			files = (
			);
			inputFileListPaths = (
			);
			inputPaths = (
				"${PODS_ROOT}/Target Support Files/Pods-JWModuleDemo/Pods-JWModuleDemo-frameworks.sh",
				"${BUILT_PRODUCTS_DIR}/JWNetworking/JWNetworking.framework",
			);
			name = "[CP] Embed Pods Frameworks";
			outputFileListPaths = (
			);
			outputPaths = (
				"${TARGET_BUILD_DIR}/${FRAMEWORKS_FOLDER_PATH}/JWNetworking.framework",
			);
			runOnlyForDeploymentPostprocessing = 0;
			shellPath = /bin/sh;
			shellScript = "\"${PODS_ROOT}/Target Support Files/Pods-JWModuleDemo/Pods-JWModuleDemo-frameworks.sh\"\n";
			showEnvVarsInLog = 0;
		};
/* End PBXShellScriptBuildPhase section */

/* Begin PBXSourcesBuildPhase section */
		94DDDD8B231667ED00E6D12E /* Sources */ = {
			isa = PBXSourcesBuildPhase;
			buildActionMask = 2147483647;
			files = (
				94DDDD95231667ED00E6D12E /* ViewController.swift in Sources */,
				94DDDD93231667ED00E6D12E /* AppDelegate.swift in Sources */,
			);
			runOnlyForDeploymentPostprocessing = 0;
		};
/* End PBXSourcesBuildPhase section */

/* Begin PBXVariantGroup section */
		94DDDD96231667ED00E6D12E /* Main.storyboard */ = {
			isa = PBXVariantGroup;
			children = (
				94DDDD97231667ED00E6D12E /* Base */,
			);
			name = Main.storyboard;
			sourceTree = "<group>";
		};
		94DDDD9B231667EE00E6D12E /* LaunchScreen.storyboard */ = {
			isa = PBXVariantGroup;
			children = (
				94DDDD9C231667EE00E6D12E /* Base */,
			);
			name = LaunchScreen.storyboard;
			sourceTree = "<group>";
		};
/* End PBXVariantGroup section */

/* Begin XCBuildConfiguration section */
		94DDDD9F231667EE00E6D12E /* Debug */ = {
			isa = XCBuildConfiguration;
			buildSettings = {
				ALWAYS_SEARCH_USER_PATHS = NO;
				CLANG_ANALYZER_NONNULL = YES;
				CLANG_ANALYZER_NUMBER_OBJECT_CONVERSION = YES_AGGRESSIVE;
				CLANG_CXX_LANGUAGE_STANDARD = "gnu++14";
				CLANG_CXX_LIBRARY = "libc++";
				CLANG_ENABLE_MODULES = YES;
				CLANG_ENABLE_OBJC_ARC = YES;
				CLANG_ENABLE_OBJC_WEAK = YES;
				CLANG_WARN_BLOCK_CAPTURE_AUTORELEASING = YES;
				CLANG_WARN_BOOL_CONVERSION = YES;
				CLANG_WARN_COMMA = YES;
				CLANG_WARN_CONSTANT_CONVERSION = YES;
				CLANG_WARN_DEPRECATED_OBJC_IMPLEMENTATIONS = YES;
				CLANG_WARN_DIRECT_OBJC_ISA_USAGE = YES_ERROR;
				CLANG_WARN_DOCUMENTATION_COMMENTS = YES;
				CLANG_WARN_EMPTY_BODY = YES;
				CLANG_WARN_ENUM_CONVERSION = YES;
				CLANG_WARN_INFINITE_RECURSION = YES;
				CLANG_WARN_INT_CONVERSION = YES;
				CLANG_WARN_NON_LITERAL_NULL_CONVERSION = YES;
				CLANG_WARN_OBJC_IMPLICIT_RETAIN_SELF = YES;
				CLANG_WARN_OBJC_LITERAL_CONVERSION = YES;
				CLANG_WARN_OBJC_ROOT_CLASS = YES_ERROR;
				CLANG_WARN_RANGE_LOOP_ANALYSIS = YES;
				CLANG_WARN_STRICT_PROTOTYPES = YES;
				CLANG_WARN_SUSPICIOUS_MOVE = YES;
				CLANG_WARN_UNGUARDED_AVAILABILITY = YES_AGGRESSIVE;
				CLANG_WARN_UNREACHABLE_CODE = YES;
				CLANG_WARN__DUPLICATE_METHOD_MATCH = YES;
				CODE_SIGN_IDENTITY = "iPhone Developer";
				COPY_PHASE_STRIP = NO;
				DEBUG_INFORMATION_FORMAT = dwarf;
				ENABLE_STRICT_OBJC_MSGSEND = YES;
				ENABLE_TESTABILITY = YES;
				GCC_C_LANGUAGE_STANDARD = gnu11;
				GCC_DYNAMIC_NO_PIC = NO;
				GCC_NO_COMMON_BLOCKS = YES;
				GCC_OPTIMIZATION_LEVEL = 0;
				GCC_PREPROCESSOR_DEFINITIONS = (
					"DEBUG=1",
					"$(inherited)",
				);
				GCC_WARN_64_TO_32_BIT_CONVERSION = YES;
				GCC_WARN_ABOUT_RETURN_TYPE = YES_ERROR;
				GCC_WARN_UNDECLARED_SELECTOR = YES;
				GCC_WARN_UNINITIALIZED_AUTOS = YES_AGGRESSIVE;
				GCC_WARN_UNUSED_FUNCTION = YES;
				GCC_WARN_UNUSED_VARIABLE = YES;
				IPHONEOS_DEPLOYMENT_TARGET = 12.2;
				MTL_ENABLE_DEBUG_INFO = INCLUDE_SOURCE;
				MTL_FAST_MATH = YES;
				ONLY_ACTIVE_ARCH = YES;
				SDKROOT = iphoneos;
				SWIFT_ACTIVE_COMPILATION_CONDITIONS = DEBUG;
				SWIFT_OPTIMIZATION_LEVEL = "-Onone";
			};
			name = Debug;
		};
		94DDDDA0231667EE00E6D12E /* Release */ = {
			isa = XCBuildConfiguration;
			buildSettings = {
				ALWAYS_SEARCH_USER_PATHS = NO;
				CLANG_ANALYZER_NONNULL = YES;
				CLANG_ANALYZER_NUMBER_OBJECT_CONVERSION = YES_AGGRESSIVE;
				CLANG_CXX_LANGUAGE_STANDARD = "gnu++14";
				CLANG_CXX_LIBRARY = "libc++";
				CLANG_ENABLE_MODULES = YES;
				CLANG_ENABLE_OBJC_ARC = YES;
				CLANG_ENABLE_OBJC_WEAK = YES;
				CLANG_WARN_BLOCK_CAPTURE_AUTORELEASING = YES;
				CLANG_WARN_BOOL_CONVERSION = YES;
				CLANG_WARN_COMMA = YES;
				CLANG_WARN_CONSTANT_CONVERSION = YES;
				CLANG_WARN_DEPRECATED_OBJC_IMPLEMENTATIONS = YES;
				CLANG_WARN_DIRECT_OBJC_ISA_USAGE = YES_ERROR;
				CLANG_WARN_DOCUMENTATION_COMMENTS = YES;
				CLANG_WARN_EMPTY_BODY = YES;
				CLANG_WARN_ENUM_CONVERSION = YES;
				CLANG_WARN_INFINITE_RECURSION = YES;
				CLANG_WARN_INT_CONVERSION = YES;
				CLANG_WARN_NON_LITERAL_NULL_CONVERSION = YES;
				CLANG_WARN_OBJC_IMPLICIT_RETAIN_SELF = YES;
				CLANG_WARN_OBJC_LITERAL_CONVERSION = YES;
				CLANG_WARN_OBJC_ROOT_CLASS = YES_ERROR;
				CLANG_WARN_RANGE_LOOP_ANALYSIS = YES;
				CLANG_WARN_STRICT_PROTOTYPES = YES;
				CLANG_WARN_SUSPICIOUS_MOVE = YES;
				CLANG_WARN_UNGUARDED_AVAILABILITY = YES_AGGRESSIVE;
				CLANG_WARN_UNREACHABLE_CODE = YES;
				CLANG_WARN__DUPLICATE_METHOD_MATCH = YES;
				CODE_SIGN_IDENTITY = "iPhone Developer";
				COPY_PHASE_STRIP = NO;
				DEBUG_INFORMATION_FORMAT = "dwarf-with-dsym";
				ENABLE_NS_ASSERTIONS = NO;
				ENABLE_STRICT_OBJC_MSGSEND = YES;
				GCC_C_LANGUAGE_STANDARD = gnu11;
				GCC_NO_COMMON_BLOCKS = YES;
				GCC_WARN_64_TO_32_BIT_CONVERSION = YES;
				GCC_WARN_ABOUT_RETURN_TYPE = YES_ERROR;
				GCC_WARN_UNDECLARED_SELECTOR = YES;
				GCC_WARN_UNINITIALIZED_AUTOS = YES_AGGRESSIVE;
				GCC_WARN_UNUSED_FUNCTION = YES;
				GCC_WARN_UNUSED_VARIABLE = YES;
				IPHONEOS_DEPLOYMENT_TARGET = 12.2;
				MTL_ENABLE_DEBUG_INFO = NO;
				MTL_FAST_MATH = YES;
				SDKROOT = iphoneos;
				SWIFT_COMPILATION_MODE = wholemodule;
				SWIFT_OPTIMIZATION_LEVEL = "-O";
				VALIDATE_PRODUCT = YES;
			};
			name = Release;
		};
		94DDDDA2231667EE00E6D12E /* Debug */ = {
			isa = XCBuildConfiguration;
			baseConfigurationReference = CF34FEE047C8C3FAD4CEE9D4 /* Pods-JWModuleDemo.debug.xcconfig */;
			buildSettings = {
				ASSETCATALOG_COMPILER_APPICON_NAME = AppIcon;
				CODE_SIGN_STYLE = Automatic;
				INFOPLIST_FILE = JWModuleDemo/Info.plist;
				LD_RUNPATH_SEARCH_PATHS = (
					"$(inherited)",
					"@executable_path/Frameworks",
				);
				PRODUCT_BUNDLE_IDENTIFIER = com.test.JWModuleDemo;
				PRODUCT_NAME = "$(TARGET_NAME)";
				SWIFT_VERSION = 5.0;
				TARGETED_DEVICE_FAMILY = "1,2";
			};
			name = Debug;
		};
		94DDDDA3231667EE00E6D12E /* Release */ = {
			isa = XCBuildConfiguration;
			baseConfigurationReference = 1044B4D3FA43566214EB0963 /* Pods-JWModuleDemo.release.xcconfig */;
			buildSettings = {
				ASSETCATALOG_COMPILER_APPICON_NAME = AppIcon;
				CODE_SIGN_STYLE = Automatic;
				INFOPLIST_FILE = JWModuleDemo/Info.plist;
				LD_RUNPATH_SEARCH_PATHS = (
					"$(inherited)",
					"@executable_path/Frameworks",
				);
				PRODUCT_BUNDLE_IDENTIFIER = com.test.JWModuleDemo;
				PRODUCT_NAME = "$(TARGET_NAME)";
				SWIFT_VERSION = 5.0;
				TARGETED_DEVICE_FAMILY = "1,2";
			};
			name = Release;
		};
/* End XCBuildConfiguration section */

/* Begin XCConfigurationList section */
		94DDDD8A231667EC00E6D12E /* Build configuration list for PBXProject "JWModuleDemo" */ = {
			isa = XCConfigurationList;
			buildConfigurations = (
				94DDDD9F231667EE00E6D12E /* Debug */,
				94DDDDA0231667EE00E6D12E /* Release */,
			);
			defaultConfigurationIsVisible = 0;
			defaultConfigurationName = Release;
		};
		94DDDDA1231667EE00E6D12E /* Build configuration list for PBXNativeTarget "JWModuleDemo" */ = {
			isa = XCConfigurationList;
			buildConfigurations = (
				94DDDDA2231667EE00E6D12E /* Debug */,
				94DDDDA3231667EE00E6D12E /* Release */,
			);
			defaultConfigurationIsVisible = 0;
			defaultConfigurationName = Release;
		};
/* End XCConfigurationList section */
	};
	rootObject = 94DDDD87231667EC00E6D12E /* Project object */;
}
